
Microsoft Visual Studio Solution File, Format Version 12.00
# Visual Studio 15
VisualStudioVersion = 15.0.28307.168
MinimumVisualStudioVersion = 10.0.40219.1
Project("{FAE04EC0-301F-11D3-BF4B-00C04F79EFBC}") = "Arithmetic_operations_with_lambda_operator", "Arithmetic_operations_with_lambda_operator\Arithmetic_operations_with_lambda_operator.csproj", "{93F84E2A-2C49-4D48-B045-99405FF8C63F}"
EndProject
Global
	GlobalSection(SolutionConfigurationPlatforms) = preSolution
		Debug|Any CPU = Debug|Any CPU
		Release|Any CPU = Release|Any CPU
	EndGlobalSection
	GlobalSection(ProjectConfigurationPlatforms) = postSolution
		{93F84E2A-2C49-4D48-B045-99405FF8C63F}.Debug|Any CPU.ActiveCfg = Debug|Any CPU
		{93F84E2A-2C49-4D48-B045-99405FF8C63F}.Debug|Any CPU.Build.0 = Debug|Any CPU
		{93F84E2A-2C49-4D48-B045-99405FF8C63F}.Release|Any CPU.ActiveCfg = Release|Any CPU
		{93F84E2A-2C49-4D48-B045-99405FF8C63F}.Release|Any CPU.Build.0 = Release|Any CPU
	EndGlobalSection
	GlobalSection(SolutionProperties) = preSolution
		HideSolutionNode = FALSE
	EndGlobalSection
	GlobalSection(ExtensibilityGlobals) = postSolution
		SolutionGuid = {E01CBCD0-2BA1-45A8-B4D5-A8279E0552F2}
	EndGlobalSection
EndGlobal
