
Microsoft Visual Studio Solution File, Format Version 12.00
# Visual Studio 15
VisualStudioVersion = 15.0.28307.168
MinimumVisualStudioVersion = 10.0.40219.1
Project("{FAE04EC0-301F-11D3-BF4B-00C04F79EFBC}") = "Yield", "Yield\Yield.csproj", "{6BD450CB-15CC-46A1-AB30-306B6A23390F}"
EndProject
Global
	GlobalSection(SolutionConfigurationPlatforms) = preSolution
		Debug|Any CPU = Debug|Any CPU
		Release|Any CPU = Release|Any CPU
	EndGlobalSection
	GlobalSection(ProjectConfigurationPlatforms) = postSolution
		{6BD450CB-15CC-46A1-AB30-306B6A23390F}.Debug|Any CPU.ActiveCfg = Debug|Any CPU
		{6BD450CB-15CC-46A1-AB30-306B6A23390F}.Debug|Any CPU.Build.0 = Debug|Any CPU
		{6BD450CB-15CC-46A1-AB30-306B6A23390F}.Release|Any CPU.ActiveCfg = Release|Any CPU
		{6BD450CB-15CC-46A1-AB30-306B6A23390F}.Release|Any CPU.Build.0 = Release|Any CPU
	EndGlobalSection
	GlobalSection(SolutionProperties) = preSolution
		HideSolutionNode = FALSE
	EndGlobalSection
	GlobalSection(ExtensibilityGlobals) = postSolution
		SolutionGuid = {E6133C40-5827-45A0-ACCB-DD63D19B00A2}
	EndGlobalSection
EndGlobal
