
Microsoft Visual Studio Solution File, Format Version 12.00
# Visual Studio 15
VisualStudioVersion = 15.0.28307.271
MinimumVisualStudioVersion = 10.0.40219.1
Project("{FAE04EC0-301F-11D3-BF4B-00C04F79EFBC}") = "Binary_search", "Binary_search\Binary_search.csproj", "{2666AD4B-50CF-460F-8208-14C135DF37C5}"
EndProject
Global
	GlobalSection(SolutionConfigurationPlatforms) = preSolution
		Debug|Any CPU = Debug|Any CPU
		Release|Any CPU = Release|Any CPU
	EndGlobalSection
	GlobalSection(ProjectConfigurationPlatforms) = postSolution
		{2666AD4B-50CF-460F-8208-14C135DF37C5}.Debug|Any CPU.ActiveCfg = Debug|Any CPU
		{2666AD4B-50CF-460F-8208-14C135DF37C5}.Debug|Any CPU.Build.0 = Debug|Any CPU
		{2666AD4B-50CF-460F-8208-14C135DF37C5}.Release|Any CPU.ActiveCfg = Release|Any CPU
		{2666AD4B-50CF-460F-8208-14C135DF37C5}.Release|Any CPU.Build.0 = Release|Any CPU
	EndGlobalSection
	GlobalSection(SolutionProperties) = preSolution
		HideSolutionNode = FALSE
	EndGlobalSection
	GlobalSection(ExtensibilityGlobals) = postSolution
		SolutionGuid = {8FD780B0-A27B-4641-BF16-0601B38BC550}
	EndGlobalSection
EndGlobal
