
Microsoft Visual Studio Solution File, Format Version 12.00
# Visual Studio 15
VisualStudioVersion = 15.0.28307.168
MinimumVisualStudioVersion = 10.0.40219.1
Project("{FAE04EC0-301F-11D3-BF4B-00C04F79EFBC}") = "GetDataFromURL", "GetDataFromURL\GetDataFromURL.csproj", "{FC51B730-3360-4C38-A400-7A17D069FDC2}"
EndProject
Global
	GlobalSection(SolutionConfigurationPlatforms) = preSolution
		Debug|Any CPU = Debug|Any CPU
		Release|Any CPU = Release|Any CPU
	EndGlobalSection
	GlobalSection(ProjectConfigurationPlatforms) = postSolution
		{FC51B730-3360-4C38-A400-7A17D069FDC2}.Debug|Any CPU.ActiveCfg = Debug|Any CPU
		{FC51B730-3360-4C38-A400-7A17D069FDC2}.Debug|Any CPU.Build.0 = Debug|Any CPU
		{FC51B730-3360-4C38-A400-7A17D069FDC2}.Release|Any CPU.ActiveCfg = Release|Any CPU
		{FC51B730-3360-4C38-A400-7A17D069FDC2}.Release|Any CPU.Build.0 = Release|Any CPU
	EndGlobalSection
	GlobalSection(SolutionProperties) = preSolution
		HideSolutionNode = FALSE
	EndGlobalSection
	GlobalSection(ExtensibilityGlobals) = postSolution
		SolutionGuid = {FB0915D4-A32B-48B7-9445-342E85D8F025}
	EndGlobalSection
EndGlobal
