
Microsoft Visual Studio Solution File, Format Version 12.00
# Visual Studio 15
VisualStudioVersion = 15.0.28307.168
MinimumVisualStudioVersion = 10.0.40219.1
Project("{FAE04EC0-301F-11D3-BF4B-00C04F79EFBC}") = "Print_Files", "Print_Files\Print_Files.csproj", "{50463850-A4F3-4716-993C-2C9B4A5A3FAC}"
EndProject
Global
	GlobalSection(SolutionConfigurationPlatforms) = preSolution
		Debug|Any CPU = Debug|Any CPU
		Release|Any CPU = Release|Any CPU
	EndGlobalSection
	GlobalSection(ProjectConfigurationPlatforms) = postSolution
		{50463850-A4F3-4716-993C-2C9B4A5A3FAC}.Debug|Any CPU.ActiveCfg = Debug|Any CPU
		{50463850-A4F3-4716-993C-2C9B4A5A3FAC}.Debug|Any CPU.Build.0 = Debug|Any CPU
		{50463850-A4F3-4716-993C-2C9B4A5A3FAC}.Release|Any CPU.ActiveCfg = Release|Any CPU
		{50463850-A4F3-4716-993C-2C9B4A5A3FAC}.Release|Any CPU.Build.0 = Release|Any CPU
	EndGlobalSection
	GlobalSection(SolutionProperties) = preSolution
		HideSolutionNode = FALSE
	EndGlobalSection
	GlobalSection(ExtensibilityGlobals) = postSolution
		SolutionGuid = {20FFE166-D21B-4452-81BB-E5693D168821}
	EndGlobalSection
EndGlobal
