
Microsoft Visual Studio Solution File, Format Version 12.00
# Visual Studio 15
VisualStudioVersion = 15.0.28307.168
MinimumVisualStudioVersion = 10.0.40219.1
Project("{FAE04EC0-301F-11D3-BF4B-00C04F79EFBC}") = "Exceptions", "Exceptions\Exceptions.csproj", "{A2EEE94F-24DA-481F-B5FC-3692B794CFAD}"
EndProject
Global
	GlobalSection(SolutionConfigurationPlatforms) = preSolution
		Debug|Any CPU = Debug|Any CPU
		Release|Any CPU = Release|Any CPU
	EndGlobalSection
	GlobalSection(ProjectConfigurationPlatforms) = postSolution
		{A2EEE94F-24DA-481F-B5FC-3692B794CFAD}.Debug|Any CPU.ActiveCfg = Debug|Any CPU
		{A2EEE94F-24DA-481F-B5FC-3692B794CFAD}.Debug|Any CPU.Build.0 = Debug|Any CPU
		{A2EEE94F-24DA-481F-B5FC-3692B794CFAD}.Release|Any CPU.ActiveCfg = Release|Any CPU
		{A2EEE94F-24DA-481F-B5FC-3692B794CFAD}.Release|Any CPU.Build.0 = Release|Any CPU
	EndGlobalSection
	GlobalSection(SolutionProperties) = preSolution
		HideSolutionNode = FALSE
	EndGlobalSection
	GlobalSection(ExtensibilityGlobals) = postSolution
		SolutionGuid = {C8BD9217-BCD4-4456-9653-A013C4560BBA}
	EndGlobalSection
EndGlobal
