
Microsoft Visual Studio Solution File, Format Version 12.00
# Visual Studio 15
VisualStudioVersion = 15.0.28307.168
MinimumVisualStudioVersion = 10.0.40219.1
Project("{FAE04EC0-301F-11D3-BF4B-00C04F79EFBC}") = "Garbage_Collector", "Garbage_Collector\Garbage_Collector.csproj", "{7D21B9EB-034F-4150-A889-DAAB0BC3FDFF}"
EndProject
Global
	GlobalSection(SolutionConfigurationPlatforms) = preSolution
		Debug|Any CPU = Debug|Any CPU
		Release|Any CPU = Release|Any CPU
	EndGlobalSection
	GlobalSection(ProjectConfigurationPlatforms) = postSolution
		{7D21B9EB-034F-4150-A889-DAAB0BC3FDFF}.Debug|Any CPU.ActiveCfg = Debug|Any CPU
		{7D21B9EB-034F-4150-A889-DAAB0BC3FDFF}.Debug|Any CPU.Build.0 = Debug|Any CPU
		{7D21B9EB-034F-4150-A889-DAAB0BC3FDFF}.Release|Any CPU.ActiveCfg = Release|Any CPU
		{7D21B9EB-034F-4150-A889-DAAB0BC3FDFF}.Release|Any CPU.Build.0 = Release|Any CPU
	EndGlobalSection
	GlobalSection(SolutionProperties) = preSolution
		HideSolutionNode = FALSE
	EndGlobalSection
	GlobalSection(ExtensibilityGlobals) = postSolution
		SolutionGuid = {CB063980-59A3-433B-97FF-F0F8C65CD61E}
	EndGlobalSection
EndGlobal
