
Microsoft Visual Studio Solution File, Format Version 12.00
# Visual Studio 15
VisualStudioVersion = 15.0.28307.168
MinimumVisualStudioVersion = 10.0.40219.1
Project("{FAE04EC0-301F-11D3-BF4B-00C04F79EFBC}") = "Watches_Shallow_And_Deep_CLoning", "Watches_Shallow_And_Deep_CLoning\Watches_Shallow_And_Deep_CLoning.csproj", "{F162D8E1-42BC-4E52-8572-E6C702D57F16}"
EndProject
Global
	GlobalSection(SolutionConfigurationPlatforms) = preSolution
		Debug|Any CPU = Debug|Any CPU
		Release|Any CPU = Release|Any CPU
	EndGlobalSection
	GlobalSection(ProjectConfigurationPlatforms) = postSolution
		{F162D8E1-42BC-4E52-8572-E6C702D57F16}.Debug|Any CPU.ActiveCfg = Debug|Any CPU
		{F162D8E1-42BC-4E52-8572-E6C702D57F16}.Debug|Any CPU.Build.0 = Debug|Any CPU
		{F162D8E1-42BC-4E52-8572-E6C702D57F16}.Release|Any CPU.ActiveCfg = Release|Any CPU
		{F162D8E1-42BC-4E52-8572-E6C702D57F16}.Release|Any CPU.Build.0 = Release|Any CPU
	EndGlobalSection
	GlobalSection(SolutionProperties) = preSolution
		HideSolutionNode = FALSE
	EndGlobalSection
	GlobalSection(ExtensibilityGlobals) = postSolution
		SolutionGuid = {8AE786B3-96B1-4BBC-BF24-717A932E0523}
	EndGlobalSection
EndGlobal
