
Microsoft Visual Studio Solution File, Format Version 12.00
# Visual Studio 15
VisualStudioVersion = 15.0.28307.168
MinimumVisualStudioVersion = 10.0.40219.1
Project("{FAE04EC0-301F-11D3-BF4B-00C04F79EFBC}") = "List,_Sorted_List", "List,_Sorted_List\List,_Sorted_List.csproj", "{2797B3DA-0A9E-4DF9-8134-966A5865C372}"
EndProject
Global
	GlobalSection(SolutionConfigurationPlatforms) = preSolution
		Debug|Any CPU = Debug|Any CPU
		Release|Any CPU = Release|Any CPU
	EndGlobalSection
	GlobalSection(ProjectConfigurationPlatforms) = postSolution
		{2797B3DA-0A9E-4DF9-8134-966A5865C372}.Debug|Any CPU.ActiveCfg = Debug|Any CPU
		{2797B3DA-0A9E-4DF9-8134-966A5865C372}.Debug|Any CPU.Build.0 = Debug|Any CPU
		{2797B3DA-0A9E-4DF9-8134-966A5865C372}.Release|Any CPU.ActiveCfg = Release|Any CPU
		{2797B3DA-0A9E-4DF9-8134-966A5865C372}.Release|Any CPU.Build.0 = Release|Any CPU
	EndGlobalSection
	GlobalSection(SolutionProperties) = preSolution
		HideSolutionNode = FALSE
	EndGlobalSection
	GlobalSection(ExtensibilityGlobals) = postSolution
		SolutionGuid = {09257AAC-7BC9-42AC-8DBA-C549458A858E}
	EndGlobalSection
EndGlobal
