
Microsoft Visual Studio Solution File, Format Version 12.00
# Visual Studio 15
VisualStudioVersion = 15.0.28307.168
MinimumVisualStudioVersion = 10.0.40219.1
Project("{FAE04EC0-301F-11D3-BF4B-00C04F79EFBC}") = "LatToArm_Converter", "LatToArm_Converter\LatToArm_Converter.csproj", "{75C28927-43D5-4265-B408-C3E56A81BA98}"
EndProject
Global
	GlobalSection(SolutionConfigurationPlatforms) = preSolution
		Debug|Any CPU = Debug|Any CPU
		Release|Any CPU = Release|Any CPU
	EndGlobalSection
	GlobalSection(ProjectConfigurationPlatforms) = postSolution
		{75C28927-43D5-4265-B408-C3E56A81BA98}.Debug|Any CPU.ActiveCfg = Debug|Any CPU
		{75C28927-43D5-4265-B408-C3E56A81BA98}.Debug|Any CPU.Build.0 = Debug|Any CPU
		{75C28927-43D5-4265-B408-C3E56A81BA98}.Release|Any CPU.ActiveCfg = Release|Any CPU
		{75C28927-43D5-4265-B408-C3E56A81BA98}.Release|Any CPU.Build.0 = Release|Any CPU
	EndGlobalSection
	GlobalSection(SolutionProperties) = preSolution
		HideSolutionNode = FALSE
	EndGlobalSection
	GlobalSection(ExtensibilityGlobals) = postSolution
		SolutionGuid = {F6F5D859-1AEC-44AE-9092-E48E0441E658}
	EndGlobalSection
EndGlobal
