
Microsoft Visual Studio Solution File, Format Version 12.00
# Visual Studio 15
VisualStudioVersion = 15.0.28307.271
MinimumVisualStudioVersion = 10.0.40219.1
Project("{FAE04EC0-301F-11D3-BF4B-00C04F79EFBC}") = "Get_Companies_From_WebSite", "Get_Companies_From_WebSite\Get_Companies_From_WebSite.csproj", "{1BB7ADA1-CF28-4C2C-81F1-0260D49555B4}"
EndProject
Global
	GlobalSection(SolutionConfigurationPlatforms) = preSolution
		Debug|Any CPU = Debug|Any CPU
		Release|Any CPU = Release|Any CPU
	EndGlobalSection
	GlobalSection(ProjectConfigurationPlatforms) = postSolution
		{1BB7ADA1-CF28-4C2C-81F1-0260D49555B4}.Debug|Any CPU.ActiveCfg = Debug|Any CPU
		{1BB7ADA1-CF28-4C2C-81F1-0260D49555B4}.Debug|Any CPU.Build.0 = Debug|Any CPU
		{1BB7ADA1-CF28-4C2C-81F1-0260D49555B4}.Release|Any CPU.ActiveCfg = Release|Any CPU
		{1BB7ADA1-CF28-4C2C-81F1-0260D49555B4}.Release|Any CPU.Build.0 = Release|Any CPU
	EndGlobalSection
	GlobalSection(SolutionProperties) = preSolution
		HideSolutionNode = FALSE
	EndGlobalSection
	GlobalSection(ExtensibilityGlobals) = postSolution
		SolutionGuid = {3B055F9E-F1AD-4A3D-A922-7E2D56DDF93F}
	EndGlobalSection
EndGlobal
