
Microsoft Visual Studio Solution File, Format Version 12.00
# Visual Studio 15
VisualStudioVersion = 15.0.28307.168
MinimumVisualStudioVersion = 10.0.40219.1
Project("{FAE04EC0-301F-11D3-BF4B-00C04F79EFBC}") = "LINQ", "LINQ\LINQ.csproj", "{FD591897-101B-4D8A-BA72-B1FA44C31AB3}"
EndProject
Global
	GlobalSection(SolutionConfigurationPlatforms) = preSolution
		Debug|Any CPU = Debug|Any CPU
		Release|Any CPU = Release|Any CPU
	EndGlobalSection
	GlobalSection(ProjectConfigurationPlatforms) = postSolution
		{FD591897-101B-4D8A-BA72-B1FA44C31AB3}.Debug|Any CPU.ActiveCfg = Debug|Any CPU
		{FD591897-101B-4D8A-BA72-B1FA44C31AB3}.Debug|Any CPU.Build.0 = Debug|Any CPU
		{FD591897-101B-4D8A-BA72-B1FA44C31AB3}.Release|Any CPU.ActiveCfg = Release|Any CPU
		{FD591897-101B-4D8A-BA72-B1FA44C31AB3}.Release|Any CPU.Build.0 = Release|Any CPU
	EndGlobalSection
	GlobalSection(SolutionProperties) = preSolution
		HideSolutionNode = FALSE
	EndGlobalSection
	GlobalSection(ExtensibilityGlobals) = postSolution
		SolutionGuid = {8728A07D-AAC2-4962-8163-940FF9D42994}
	EndGlobalSection
EndGlobal
